
Microsoft Visual Studio Solution File, Format Version 12.00
# Visual Studio Version 17
VisualStudioVersion = 17.3.32811.315
MinimumVisualStudioVersion = 10.0.40219.1
Project("{FAE04EC0-301F-11D3-BF4B-00C04F79EFBC}") = "MyProject3", "MyProject3\MyProject3.csproj", "{6ED79CD5-DAF4-4768-83B0-EE99198D4F81}"
EndProject
Global
	GlobalSection(SolutionConfigurationPlatforms) = preSolution
		Debug|Any CPU = Debug|Any CPU
		Release|Any CPU = Release|Any CPU
	EndGlobalSection
	GlobalSection(ProjectConfigurationPlatforms) = postSolution
		{6ED79CD5-DAF4-4768-83B0-EE99198D4F81}.Debug|Any CPU.ActiveCfg = Debug|Any CPU
		{6ED79CD5-DAF4-4768-83B0-EE99198D4F81}.Debug|Any CPU.Build.0 = Debug|Any CPU
		{6ED79CD5-DAF4-4768-83B0-EE99198D4F81}.Release|Any CPU.ActiveCfg = Release|Any CPU
		{6ED79CD5-DAF4-4768-83B0-EE99198D4F81}.Release|Any CPU.Build.0 = Release|Any CPU
	EndGlobalSection
	GlobalSection(SolutionProperties) = preSolution
		HideSolutionNode = FALSE
	EndGlobalSection
	GlobalSection(ExtensibilityGlobals) = postSolution
		SolutionGuid = {D8583AB1-4CA7-4606-9E90-C2CDC54C7527}
	EndGlobalSection
EndGlobal
